
Microsoft Visual Studio Solution File, Format Version 12.00
# Visual Studio Version 17
VisualStudioVersion = 17.1.32407.343
MinimumVisualStudioVersion = 10.0.40219.1
Project("{FAE04EC0-301F-11D3-BF4B-00C04F79EFBC}") = "EmoteWheel", "EmoteWheel.csproj", "{3C5EEFC7-654E-4A0C-94D5-A5DA473F845E}"
EndProject
Global
	GlobalSection(SolutionConfigurationPlatforms) = preSolution
		Debug|Any CPU = Debug|Any CPU
		Release|Any CPU = Release|Any CPU
	EndGlobalSection
	GlobalSection(ProjectConfigurationPlatforms) = postSolution
		{3C5EEFC7-654E-4A0C-94D5-A5DA473F845E}.Debug|Any CPU.ActiveCfg = Debug|Any CPU
		{3C5EEFC7-654E-4A0C-94D5-A5DA473F845E}.Debug|Any CPU.Build.0 = Debug|Any CPU
		{3C5EEFC7-654E-4A0C-94D5-A5DA473F845E}.Release|Any CPU.ActiveCfg = Release|Any CPU
		{3C5EEFC7-654E-4A0C-94D5-A5DA473F845E}.Release|Any CPU.Build.0 = Release|Any CPU
	EndGlobalSection
	GlobalSection(SolutionProperties) = preSolution
		HideSolutionNode = FALSE
	EndGlobalSection
	GlobalSection(ExtensibilityGlobals) = postSolution
		SolutionGuid = {AECD726C-91C6-4012-B846-4526E7E3915F}
	EndGlobalSection
EndGlobal
